
Microsoft Visual Studio Solution File, Format Version 12.00
# Visual Studio Version 17
VisualStudioVersion = 17.9.34622.214
MinimumVisualStudioVersion = 10.0.40219.1
Project("{9A19103F-16F7-4668-BE54-9A1E7A4F7556}") = "TriggerIntervalProcess", "TriggerIntervalProcess\TriggerIntervalProcess.csproj", "{6F68B544-A938-443B-992C-1A78DFD4A1BB}"
EndProject
Global
	GlobalSection(SolutionConfigurationPlatforms) = preSolution
		Debug|Any CPU = Debug|Any CPU
		Release|Any CPU = Release|Any CPU
	EndGlobalSection
	GlobalSection(ProjectConfigurationPlatforms) = postSolution
		{6F68B544-A938-443B-992C-1A78DFD4A1BB}.Debug|Any CPU.ActiveCfg = Debug|Any CPU
		{6F68B544-A938-443B-992C-1A78DFD4A1BB}.Debug|Any CPU.Build.0 = Debug|Any CPU
		{6F68B544-A938-443B-992C-1A78DFD4A1BB}.Release|Any CPU.ActiveCfg = Release|Any CPU
		{6F68B544-A938-443B-992C-1A78DFD4A1BB}.Release|Any CPU.Build.0 = Release|Any CPU
	EndGlobalSection
	GlobalSection(SolutionProperties) = preSolution
		HideSolutionNode = FALSE
	EndGlobalSection
	GlobalSection(ExtensibilityGlobals) = postSolution
		SolutionGuid = {D1F5FFAD-07B1-4433-864A-0F6AFAB74A31}
	EndGlobalSection
EndGlobal
